<?xml version="1.0" encoding="utf-8"?>
<Project ToolsVersion="4.0" xmlns="http://schemas.microsoft.com/developer/msbuild/2003">
  <ItemGroup>
    <Filter Include="ソース ファイル">
      <UniqueIdentifier>{4FC737F1-C7A5-4376-A066-2A32D752A2FF}</UniqueIdentifier>
      <Extensions>cpp;c;cc;cxx;c++;def;odl;idl;hpj;bat;asm;asmx</Extensions>
    </Filter>
    <Filter Include="ソース ファイル\Scene">
      <UniqueIdentifier>{eb0fe11c-17f2-432e-a163-652c40a0ed0c}</UniqueIdentifier>
    </Filter>
    <Filter Include="ソース ファイル\Stage">
      <UniqueIdentifier>{e01ee066-a0c6-42c9-ab61-b92181f3318a}</UniqueIdentifier>
    </Filter>
    <Filter Include="ソース ファイル\Block">
      <UniqueIdentifier>{9ea9fd69-688c-4782-82bf-739fe59013f9}</UniqueIdentifier>
    </Filter>
    <Filter Include="ソース ファイル\Utility">
      <UniqueIdentifier>{9e8b1da9-2f49-42f2-abf9-729f15084bdc}</UniqueIdentifier>
    </Filter>
    <Filter Include="ソース ファイル\Texture">
      <UniqueIdentifier>{cf08c19e-c029-4859-b999-0d9aa84a34f0}</UniqueIdentifier>
    </Filter>
  </ItemGroup>
  <ItemGroup>
    <ClCompile Include="Tetris.cpp">
      <Filter>ソース ファイル</Filter>
    </ClCompile>
    <ClCompile Include="Src\Stage\Stage.cpp">
      <Filter>ソース ファイル\Stage</Filter>
    </ClCompile>
    <ClCompile Include="Src\Scene\ResultScene.cpp">
      <Filter>ソース ファイル\Scene</Filter>
    </ClCompile>
    <ClCompile Include="Src\Scene\Scene.cpp">
      <Filter>ソース ファイル\Scene</Filter>
    </ClCompile>
    <ClCompile Include="Src\Scene\TitleScene.cpp">
      <Filter>ソース ファイル\Scene</Filter>
    </ClCompile>
    <ClCompile Include="Src\Scene\GameScene.cpp">
      <Filter>ソース ファイル\Scene</Filter>
    </ClCompile>
    <ClCompile Include="Src\Block\BlockBase.cpp">
      <Filter>ソース ファイル\Block</Filter>
    </ClCompile>
    <ClCompile Include="Src\Block\Block.cpp">
      <Filter>ソース ファイル\Block</Filter>
    </ClCompile>
    <ClCompile Include="Src\Texture\TexManager.cpp">
      <Filter>ソース ファイル\Texture</Filter>
    </ClCompile>
  </ItemGroup>
  <ItemGroup>
    <ClInclude Include="Src\Stage\Stage.h">
      <Filter>ソース ファイル\Stage</Filter>
    </ClInclude>
    <ClInclude Include="Src\Scene\GameScene.h">
      <Filter>ソース ファイル\Scene</Filter>
    </ClInclude>
    <ClInclude Include="Src\Scene\ResultScene.h">
      <Filter>ソース ファイル\Scene</Filter>
    </ClInclude>
    <ClInclude Include="Src\Scene\Scene.h">
      <Filter>ソース ファイル\Scene</Filter>
    </ClInclude>
    <ClInclude Include="Src\Scene\TitleScene.h">
      <Filter>ソース ファイル\Scene</Filter>
    </ClInclude>
    <ClInclude Include="Src\Utility\Vec2.h">
      <Filter>ソース ファイル\Utility</Filter>
    </ClInclude>
    <ClInclude Include="Src\Block\BlockBase.h">
      <Filter>ソース ファイル\Block</Filter>
    </ClInclude>
    <ClInclude Include="Src\Block\Block.h">
      <Filter>ソース ファイル\Block</Filter>
    </ClInclude>
    <ClInclude Include="Src\Texture\TexManager.h">
      <Filter>ソース ファイル\Texture</Filter>
    </ClInclude>
    <ClInclude Include="Src\Block\Block_L.h">
      <Filter>ソース ファイル\Block</Filter>
    </ClInclude>
    <ClInclude Include="Src\Block\Block_O.h">
      <Filter>ソース ファイル\Block</Filter>
    </ClInclude>
    <ClInclude Include="Src\Block\Block_S.h">
      <Filter>ソース ファイル\Block</Filter>
    </ClInclude>
    <ClInclude Include="Src\Block\Block_Z.h">
      <Filter>ソース ファイル\Block</Filter>
    </ClInclude>
    <ClInclude Include="Src\Block\Block_I.h">
      <Filter>ソース ファイル\Block</Filter>
    </ClInclude>
    <ClInclude Include="Src\Block\Block_T.h">
      <Filter>ソース ファイル\Block</Filter>
    </ClInclude>
    <ClInclude Include="Src\Block\Block_J.h">
      <Filter>ソース ファイル\Block</Filter>
    </ClInclude>
  </ItemGroup>
</Project>